
Microsoft Visual Studio Solution File, Format Version 12.00
# Visual Studio Version 17
VisualStudioVersion = 17.0.32112.339
MinimumVisualStudioVersion = 10.0.40219.1
Project("{FAE04EC0-301F-11D3-BF4B-00C04F79EFBC}") = "mvcApli", "mvcApli\mvcApli.csproj", "{A07072A0-3F75-445A-8C1C-828821F26B5E}"
EndProject
Global
	GlobalSection(SolutionConfigurationPlatforms) = preSolution
		Debug|Any CPU = Debug|Any CPU
		Release|Any CPU = Release|Any CPU
	EndGlobalSection
	GlobalSection(ProjectConfigurationPlatforms) = postSolution
		{A07072A0-3F75-445A-8C1C-828821F26B5E}.Debug|Any CPU.ActiveCfg = Debug|Any CPU
		{A07072A0-3F75-445A-8C1C-828821F26B5E}.Debug|Any CPU.Build.0 = Debug|Any CPU
		{A07072A0-3F75-445A-8C1C-828821F26B5E}.Release|Any CPU.ActiveCfg = Release|Any CPU
		{A07072A0-3F75-445A-8C1C-828821F26B5E}.Release|Any CPU.Build.0 = Release|Any CPU
	EndGlobalSection
	GlobalSection(SolutionProperties) = preSolution
		HideSolutionNode = FALSE
	EndGlobalSection
	GlobalSection(ExtensibilityGlobals) = postSolution
		SolutionGuid = {2DF17157-0EDC-4BC7-85B3-4F54DDC7B168}
	EndGlobalSection
EndGlobal
